
Microsoft Visual Studio Solution File, Format Version 12.00
# Visual Studio Version 17
VisualStudioVersion = 17.1.32421.90
MinimumVisualStudioVersion = 10.0.40219.1
Project("{FAE04EC0-301F-11D3-BF4B-00C04F79EFBC}") = "WebApplication1", "WebApplication1\WebApplication1.csproj", "{373DCFE2-8C24-43A9-A582-17DE08450EB8}"
EndProject
Global
	GlobalSection(SolutionConfigurationPlatforms) = preSolution
		Debug|Any CPU = Debug|Any CPU
		Release|Any CPU = Release|Any CPU
	EndGlobalSection
	GlobalSection(ProjectConfigurationPlatforms) = postSolution
		{373DCFE2-8C24-43A9-A582-17DE08450EB8}.Debug|Any CPU.ActiveCfg = Debug|Any CPU
		{373DCFE2-8C24-43A9-A582-17DE08450EB8}.Debug|Any CPU.Build.0 = Debug|Any CPU
		{373DCFE2-8C24-43A9-A582-17DE08450EB8}.Release|Any CPU.ActiveCfg = Release|Any CPU
		{373DCFE2-8C24-43A9-A582-17DE08450EB8}.Release|Any CPU.Build.0 = Release|Any CPU
	EndGlobalSection
	GlobalSection(SolutionProperties) = preSolution
		HideSolutionNode = FALSE
	EndGlobalSection
	GlobalSection(ExtensibilityGlobals) = postSolution
		SolutionGuid = {2C27813D-4A50-4641-BFC3-BAAE1B1D517E}
	EndGlobalSection
EndGlobal
